// !$*UTF8*$!
{
	archiveVersion = 1;
	classes = {
	};
	objectVersion = 46;
	objects = {

/* Begin PBXBuildFile section */
		9797842319B36E67008F9AB5 /* Foundation.framework in Frameworks */ = {isa = PBXBuildFile; fileRef = 9797842219B36E67008F9AB5 /* Foundation.framework */; };
		9797842519B36E67008F9AB5 /* CoreGraphics.framework in Frameworks */ = {isa = PBXBuildFile; fileRef = 9797842419B36E67008F9AB5 /* CoreGraphics.framework */; };
		9797842719B36E67008F9AB5 /* UIKit.framework in Frameworks */ = {isa = PBXBuildFile; fileRef = 9797842619B36E67008F9AB5 /* UIKit.framework */; };
		9797842D19B36E67008F9AB5 /* InfoPlist.strings in Resources */ = {isa = PBXBuildFile; fileRef = 9797842B19B36E67008F9AB5 /* InfoPlist.strings */; };
		9797842F19B36E67008F9AB5 /* main.m in Sources */ = {isa = PBXBuildFile; fileRef = 9797842E19B36E67008F9AB5 /* main.m */; };
		9797843319B36E67008F9AB5 /* AppDelegate.m in Sources */ = {isa = PBXBuildFile; fileRef = 9797843219B36E67008F9AB5 /* AppDelegate.m */; };
		9797843619B36E67008F9AB5 /* Main.storyboard in Resources */ = {isa = PBXBuildFile; fileRef = 9797843419B36E67008F9AB5 /* Main.storyboard */; };
		9797843919B36E67008F9AB5 /* ViewController.m in Sources */ = {isa = PBXBuildFile; fileRef = 9797843819B36E67008F9AB5 /* ViewController.m */; };
		9797843B19B36E67008F9AB5 /* Images.xcassets in Resources */ = {isa = PBXBuildFile; fileRef = 9797843A19B36E67008F9AB5 /* Images.xcassets */; };
		9797844219B36E67008F9AB5 /* XCTest.framework in Frameworks */ = {isa = PBXBuildFile; fileRef = 9797844119B36E67008F9AB5 /* XCTest.framework */; };
		9797844319B36E67008F9AB5 /* Foundation.framework in Frameworks */ = {isa = PBXBuildFile; fileRef = 9797842219B36E67008F9AB5 /* Foundation.framework */; };
		9797844419B36E67008F9AB5 /* UIKit.framework in Frameworks */ = {isa = PBXBuildFile; fileRef = 9797842619B36E67008F9AB5 /* UIKit.framework */; };
		9797844C19B36E67008F9AB5 /* InfoPlist.strings in Resources */ = {isa = PBXBuildFile; fileRef = 9797844A19B36E67008F9AB5 /* InfoPlist.strings */; };
		9797844E19B36E67008F9AB5 /* MetaWearColorPickerTests.m in Sources */ = {isa = PBXBuildFile; fileRef = 9797844D19B36E67008F9AB5 /* MetaWearColorPickerTests.m */; };
		9797845819B36E75008F9AB5 /* MetaWear.framework in Frameworks */ = {isa = PBXBuildFile; fileRef = 9797845719B36E75008F9AB5 /* MetaWear.framework */; };
/* End PBXBuildFile section */

/* Begin PBXContainerItemProxy section */
		9797844519B36E67008F9AB5 /* PBXContainerItemProxy */ = {
			isa = PBXContainerItemProxy;
			containerPortal = 9797841719B36E67008F9AB5 /* Project object */;
			proxyType = 1;
			remoteGlobalIDString = 9797841E19B36E67008F9AB5;
			remoteInfo = MetaWearColorPicker;
		};
/* End PBXContainerItemProxy section */

/* Begin PBXFileReference section */
		9797841F19B36E67008F9AB5 /* MetaWearColorPicker.app */ = {isa = PBXFileReference; explicitFileType = wrapper.application; includeInIndex = 0; path = MetaWearColorPicker.app; sourceTree = BUILT_PRODUCTS_DIR; };
		9797842219B36E67008F9AB5 /* Foundation.framework */ = {isa = PBXFileReference; lastKnownFileType = wrapper.framework; name = Foundation.framework; path = System/Library/Frameworks/Foundation.framework; sourceTree = SDKROOT; };
		9797842419B36E67008F9AB5 /* CoreGraphics.framework */ = {isa = PBXFileReference; lastKnownFileType = wrapper.framework; name = CoreGraphics.framework; path = System/Library/Frameworks/CoreGraphics.framework; sourceTree = SDKROOT; };
		9797842619B36E67008F9AB5 /* UIKit.framework */ = {isa = PBXFileReference; lastKnownFileType = wrapper.framework; name = UIKit.framework; path = System/Library/Frameworks/UIKit.framework; sourceTree = SDKROOT; };
		9797842A19B36E67008F9AB5 /* MetaWearColorPicker-Info.plist */ = {isa = PBXFileReference; lastKnownFileType = text.plist.xml; path = "MetaWearColorPicker-Info.plist"; sourceTree = "<group>"; };
		9797842C19B36E67008F9AB5 /* en */ = {isa = PBXFileReference; lastKnownFileType = text.plist.strings; name = en; path = en.lproj/InfoPlist.strings; sourceTree = "<group>"; };
		9797842E19B36E67008F9AB5 /* main.m */ = {isa = PBXFileReference; lastKnownFileType = sourcecode.c.objc; path = main.m; sourceTree = "<group>"; };
		9797843019B36E67008F9AB5 /* MetaWearColorPicker-Prefix.pch */ = {isa = PBXFileReference; lastKnownFileType = sourcecode.c.h; path = "MetaWearColorPicker-Prefix.pch"; sourceTree = "<group>"; };
		9797843119B36E67008F9AB5 /* AppDelegate.h */ = {isa = PBXFileReference; lastKnownFileType = sourcecode.c.h; path = AppDelegate.h; sourceTree = "<group>"; };
		9797843219B36E67008F9AB5 /* AppDelegate.m */ = {isa = PBXFileReference; lastKnownFileType = sourcecode.c.objc; path = AppDelegate.m; sourceTree = "<group>"; };
		9797843519B36E67008F9AB5 /* Base */ = {isa = PBXFileReference; lastKnownFileType = file.storyboard; name = Base; path = Base.lproj/Main.storyboard; sourceTree = "<group>"; };
		9797843719B36E67008F9AB5 /* ViewController.h */ = {isa = PBXFileReference; lastKnownFileType = sourcecode.c.h; path = ViewController.h; sourceTree = "<group>"; };
		9797843819B36E67008F9AB5 /* ViewController.m */ = {isa = PBXFileReference; lastKnownFileType = sourcecode.c.objc; path = ViewController.m; sourceTree = "<group>"; };
		9797843A19B36E67008F9AB5 /* Images.xcassets */ = {isa = PBXFileReference; lastKnownFileType = folder.assetcatalog; path = Images.xcassets; sourceTree = "<group>"; };
		9797844019B36E67008F9AB5 /* MetaWearColorPickerTests.xctest */ = {isa = PBXFileReference; explicitFileType = wrapper.cfbundle; includeInIndex = 0; path = MetaWearColorPickerTests.xctest; sourceTree = BUILT_PRODUCTS_DIR; };
		9797844119B36E67008F9AB5 /* XCTest.framework */ = {isa = PBXFileReference; lastKnownFileType = wrapper.framework; name = XCTest.framework; path = Library/Frameworks/XCTest.framework; sourceTree = DEVELOPER_DIR; };
		9797844919B36E67008F9AB5 /* MetaWearColorPickerTests-Info.plist */ = {isa = PBXFileReference; lastKnownFileType = text.plist.xml; path = "MetaWearColorPickerTests-Info.plist"; sourceTree = "<group>"; };
		9797844B19B36E67008F9AB5 /* en */ = {isa = PBXFileReference; lastKnownFileType = text.plist.strings; name = en; path = en.lproj/InfoPlist.strings; sourceTree = "<group>"; };
		9797844D19B36E67008F9AB5 /* MetaWearColorPickerTests.m */ = {isa = PBXFileReference; lastKnownFileType = sourcecode.c.objc; path = MetaWearColorPickerTests.m; sourceTree = "<group>"; };
		9797845719B36E75008F9AB5 /* MetaWear.framework */ = {isa = PBXFileReference; lastKnownFileType = wrapper.framework; path = MetaWear.framework; sourceTree = "<group>"; };
/* End PBXFileReference section */

/* Begin PBXFrameworksBuildPhase section */
		9797841C19B36E67008F9AB5 /* Frameworks */ = {
			isa = PBXFrameworksBuildPhase;
			buildActionMask = 2147483647;
			files = (
				9797845819B36E75008F9AB5 /* MetaWear.framework in Frameworks */,
				9797842519B36E67008F9AB5 /* CoreGraphics.framework in Frameworks */,
				9797842719B36E67008F9AB5 /* UIKit.framework in Frameworks */,
				9797842319B36E67008F9AB5 /* Foundation.framework in Frameworks */,
			);
			runOnlyForDeploymentPostprocessing = 0;
		};
		9797843D19B36E67008F9AB5 /* Frameworks */ = {
			isa = PBXFrameworksBuildPhase;
			buildActionMask = 2147483647;
			files = (
				9797844219B36E67008F9AB5 /* XCTest.framework in Frameworks */,
				9797844419B36E67008F9AB5 /* UIKit.framework in Frameworks */,
				9797844319B36E67008F9AB5 /* Foundation.framework in Frameworks */,
			);
			runOnlyForDeploymentPostprocessing = 0;
		};
/* End PBXFrameworksBuildPhase section */

/* Begin PBXGroup section */
		9797841619B36E67008F9AB5 = {
			isa = PBXGroup;
			children = (
				9797842819B36E67008F9AB5 /* MetaWearColorPicker */,
				9797844719B36E67008F9AB5 /* MetaWearColorPickerTests */,
				9797842119B36E67008F9AB5 /* Frameworks */,
				9797842019B36E67008F9AB5 /* Products */,
			);
			sourceTree = "<group>";
		};
		9797842019B36E67008F9AB5 /* Products */ = {
			isa = PBXGroup;
			children = (
				9797841F19B36E67008F9AB5 /* MetaWearColorPicker.app */,
				9797844019B36E67008F9AB5 /* MetaWearColorPickerTests.xctest */,
			);
			name = Products;
			sourceTree = "<group>";
		};
		9797842119B36E67008F9AB5 /* Frameworks */ = {
			isa = PBXGroup;
			children = (
				9797845719B36E75008F9AB5 /* MetaWear.framework */,
				9797842219B36E67008F9AB5 /* Foundation.framework */,
				9797842419B36E67008F9AB5 /* CoreGraphics.framework */,
				9797842619B36E67008F9AB5 /* UIKit.framework */,
				9797844119B36E67008F9AB5 /* XCTest.framework */,
			);
			name = Frameworks;
			sourceTree = "<group>";
		};
		9797842819B36E67008F9AB5 /* MetaWearColorPicker */ = {
			isa = PBXGroup;
			children = (
				9797843119B36E67008F9AB5 /* AppDelegate.h */,
				9797843219B36E67008F9AB5 /* AppDelegate.m */,
				9797843419B36E67008F9AB5 /* Main.storyboard */,
				9797843719B36E67008F9AB5 /* ViewController.h */,
				9797843819B36E67008F9AB5 /* ViewController.m */,
				9797843A19B36E67008F9AB5 /* Images.xcassets */,
				9797842919B36E67008F9AB5 /* Supporting Files */,
			);
			path = MetaWearColorPicker;
			sourceTree = "<group>";
		};
		9797842919B36E67008F9AB5 /* Supporting Files */ = {
			isa = PBXGroup;
			children = (
				9797842A19B36E67008F9AB5 /* MetaWearColorPicker-Info.plist */,
				9797842B19B36E67008F9AB5 /* InfoPlist.strings */,
				9797842E19B36E67008F9AB5 /* main.m */,
				9797843019B36E67008F9AB5 /* MetaWearColorPicker-Prefix.pch */,
			);
			name = "Supporting Files";
			sourceTree = "<group>";
		};
		9797844719B36E67008F9AB5 /* MetaWearColorPickerTests */ = {
			isa = PBXGroup;
			children = (
				9797844D19B36E67008F9AB5 /* MetaWearColorPickerTests.m */,
				9797844819B36E67008F9AB5 /* Supporting Files */,
			);
			path = MetaWearColorPickerTests;
			sourceTree = "<group>";
		};
		9797844819B36E67008F9AB5 /* Supporting Files */ = {
			isa = PBXGroup;
			children = (
				9797844919B36E67008F9AB5 /* MetaWearColorPickerTests-Info.plist */,
				9797844A19B36E67008F9AB5 /* InfoPlist.strings */,
			);
			name = "Supporting Files";
			sourceTree = "<group>";
		};
/* End PBXGroup section */

/* Begin PBXNativeTarget section */
		9797841E19B36E67008F9AB5 /* MetaWearColorPicker */ = {
			isa = PBXNativeTarget;
			buildConfigurationList = 9797845119B36E67008F9AB5 /* Build configuration list for PBXNativeTarget "MetaWearColorPicker" */;
			buildPhases = (
				9797841B19B36E67008F9AB5 /* Sources */,
				9797841C19B36E67008F9AB5 /* Frameworks */,
				9797841D19B36E67008F9AB5 /* Resources */,
			);
			buildRules = (
			);
			dependencies = (
			);
			name = MetaWearColorPicker;
			productName = MetaWearColorPicker;
			productReference = 9797841F19B36E67008F9AB5 /* MetaWearColorPicker.app */;
			productType = "com.apple.product-type.application";
		};
		9797843F19B36E67008F9AB5 /* MetaWearColorPickerTests */ = {
			isa = PBXNativeTarget;
			buildConfigurationList = 9797845419B36E67008F9AB5 /* Build configuration list for PBXNativeTarget "MetaWearColorPickerTests" */;
			buildPhases = (
				9797843C19B36E67008F9AB5 /* Sources */,
				9797843D19B36E67008F9AB5 /* Frameworks */,
				9797843E19B36E67008F9AB5 /* Resources */,
			);
			buildRules = (
			);
			dependencies = (
				9797844619B36E67008F9AB5 /* PBXTargetDependency */,
			);
			name = MetaWearColorPickerTests;
			productName = MetaWearColorPickerTests;
			productReference = 9797844019B36E67008F9AB5 /* MetaWearColorPickerTests.xctest */;
			productType = "com.apple.product-type.bundle.unit-test";
		};
/* End PBXNativeTarget section */

/* Begin PBXProject section */
		9797841719B36E67008F9AB5 /* Project object */ = {
			isa = PBXProject;
			attributes = {
				LastUpgradeCheck = 0510;
				ORGANIZATIONNAME = "Jonathan King";
				TargetAttributes = {
					9797843F19B36E67008F9AB5 = {
						TestTargetID = 9797841E19B36E67008F9AB5;
					};
				};
			};
			buildConfigurationList = 9797841A19B36E67008F9AB5 /* Build configuration list for PBXProject "MetaWearColorPicker" */;
			compatibilityVersion = "Xcode 3.2";
			developmentRegion = English;
			hasScannedForEncodings = 0;
			knownRegions = (
				en,
				Base,
			);
			mainGroup = 9797841619B36E67008F9AB5;
			productRefGroup = 9797842019B36E67008F9AB5 /* Products */;
			projectDirPath = "";
			projectRoot = "";
			targets = (
				9797841E19B36E67008F9AB5 /* MetaWearColorPicker */,
				9797843F19B36E67008F9AB5 /* MetaWearColorPickerTests */,
			);
		};
/* End PBXProject section */

/* Begin PBXResourcesBuildPhase section */
		9797841D19B36E67008F9AB5 /* Resources */ = {
			isa = PBXResourcesBuildPhase;
			buildActionMask = 2147483647;
			files = (
				9797843B19B36E67008F9AB5 /* Images.xcassets in Resources */,
				9797842D19B36E67008F9AB5 /* InfoPlist.strings in Resources */,
				9797843619B36E67008F9AB5 /* Main.storyboard in Resources */,
			);
			runOnlyForDeploymentPostprocessing = 0;
		};
		9797843E19B36E67008F9AB5 /* Resources */ = {
			isa = PBXResourcesBuildPhase;
			buildActionMask = 2147483647;
			files = (
				9797844C19B36E67008F9AB5 /* InfoPlist.strings in Resources */,
			);
			runOnlyForDeploymentPostprocessing = 0;
		};
/* End PBXResourcesBuildPhase section */

/* Begin PBXSourcesBuildPhase section */
		9797841B19B36E67008F9AB5 /* Sources */ = {
			isa = PBXSourcesBuildPhase;
			buildActionMask = 2147483647;
			files = (
				9797843919B36E67008F9AB5 /* ViewController.m in Sources */,
				9797843319B36E67008F9AB5 /* AppDelegate.m in Sources */,
				9797842F19B36E67008F9AB5 /* main.m in Sources */,
			);
			runOnlyForDeploymentPostprocessing = 0;
		};
		9797843C19B36E67008F9AB5 /* Sources */ = {
			isa = PBXSourcesBuildPhase;
			buildActionMask = 2147483647;
			files = (
				9797844E19B36E67008F9AB5 /* MetaWearColorPickerTests.m in Sources */,
			);
			runOnlyForDeploymentPostprocessing = 0;
		};
/* End PBXSourcesBuildPhase section */

/* Begin PBXTargetDependency section */
		9797844619B36E67008F9AB5 /* PBXTargetDependency */ = {
			isa = PBXTargetDependency;
			target = 9797841E19B36E67008F9AB5 /* MetaWearColorPicker */;
			targetProxy = 9797844519B36E67008F9AB5 /* PBXContainerItemProxy */;
		};
/* End PBXTargetDependency section */

/* Begin PBXVariantGroup section */
		9797842B19B36E67008F9AB5 /* InfoPlist.strings */ = {
			isa = PBXVariantGroup;
			children = (
				9797842C19B36E67008F9AB5 /* en */,
			);
			name = InfoPlist.strings;
			sourceTree = "<group>";
		};
		9797843419B36E67008F9AB5 /* Main.storyboard */ = {
			isa = PBXVariantGroup;
			children = (
				9797843519B36E67008F9AB5 /* Base */,
			);
			name = Main.storyboard;
			sourceTree = "<group>";
		};
		9797844A19B36E67008F9AB5 /* InfoPlist.strings */ = {
			isa = PBXVariantGroup;
			children = (
				9797844B19B36E67008F9AB5 /* en */,
			);
			name = InfoPlist.strings;
			sourceTree = "<group>";
		};
/* End PBXVariantGroup section */

/* Begin XCBuildConfiguration section */
		9797844F19B36E67008F9AB5 /* Debug */ = {
			isa = XCBuildConfiguration;
			buildSettings = {
				ALWAYS_SEARCH_USER_PATHS = NO;
				CLANG_CXX_LANGUAGE_STANDARD = "gnu++0x";
				CLANG_CXX_LIBRARY = "libc++";
				CLANG_ENABLE_MODULES = YES;
				CLANG_ENABLE_OBJC_ARC = YES;
				CLANG_WARN_BOOL_CONVERSION = YES;
				CLANG_WARN_CONSTANT_CONVERSION = YES;
				CLANG_WARN_DIRECT_OBJC_ISA_USAGE = YES_ERROR;
				CLANG_WARN_EMPTY_BODY = YES;
				CLANG_WARN_ENUM_CONVERSION = YES;
				CLANG_WARN_INT_CONVERSION = YES;
				CLANG_WARN_OBJC_ROOT_CLASS = YES_ERROR;
				CLANG_WARN__DUPLICATE_METHOD_MATCH = YES;
				"CODE_SIGN_IDENTITY[sdk=iphoneos*]" = "iPhone Developer";
				COPY_PHASE_STRIP = NO;
				GCC_C_LANGUAGE_STANDARD = gnu99;
				GCC_DYNAMIC_NO_PIC = NO;
				GCC_OPTIMIZATION_LEVEL = 0;
				GCC_PREPROCESSOR_DEFINITIONS = (
					"DEBUG=1",
					"$(inherited)",
				);
				GCC_SYMBOLS_PRIVATE_EXTERN = NO;
				GCC_WARN_64_TO_32_BIT_CONVERSION = YES;
				GCC_WARN_ABOUT_RETURN_TYPE = YES_ERROR;
				GCC_WARN_UNDECLARED_SELECTOR = YES;
				GCC_WARN_UNINITIALIZED_AUTOS = YES_AGGRESSIVE;
				GCC_WARN_UNUSED_FUNCTION = YES;
				GCC_WARN_UNUSED_VARIABLE = YES;
				IPHONEOS_DEPLOYMENT_TARGET = 7.1;
				ONLY_ACTIVE_ARCH = YES;
				SDKROOT = iphoneos;
			};
			name = Debug;
		};
		9797845019B36E67008F9AB5 /* Release */ = {
			isa = XCBuildConfiguration;
			buildSettings = {
				ALWAYS_SEARCH_USER_PATHS = NO;
				CLANG_CXX_LANGUAGE_STANDARD = "gnu++0x";
				CLANG_CXX_LIBRARY = "libc++";
				CLANG_ENABLE_MODULES = YES;
				CLANG_ENABLE_OBJC_ARC = YES;
				CLANG_WARN_BOOL_CONVERSION = YES;
				CLANG_WARN_CONSTANT_CONVERSION = YES;
				CLANG_WARN_DIRECT_OBJC_ISA_USAGE = YES_ERROR;
				CLANG_WARN_EMPTY_BODY = YES;
				CLANG_WARN_ENUM_CONVERSION = YES;
				CLANG_WARN_INT_CONVERSION = YES;
				CLANG_WARN_OBJC_ROOT_CLASS = YES_ERROR;
				CLANG_WARN__DUPLICATE_METHOD_MATCH = YES;
				"CODE_SIGN_IDENTITY[sdk=iphoneos*]" = "iPhone Developer";
				COPY_PHASE_STRIP = YES;
				ENABLE_NS_ASSERTIONS = NO;
				GCC_C_LANGUAGE_STANDARD = gnu99;
				GCC_WARN_64_TO_32_BIT_CONVERSION = YES;
				GCC_WARN_ABOUT_RETURN_TYPE = YES_ERROR;
				GCC_WARN_UNDECLARED_SELECTOR = YES;
				GCC_WARN_UNINITIALIZED_AUTOS = YES_AGGRESSIVE;
				GCC_WARN_UNUSED_FUNCTION = YES;
				GCC_WARN_UNUSED_VARIABLE = YES;
				IPHONEOS_DEPLOYMENT_TARGET = 7.1;
				SDKROOT = iphoneos;
				VALIDATE_PRODUCT = YES;
			};
			name = Release;
		};
		9797845219B36E67008F9AB5 /* Debug */ = {
			isa = XCBuildConfiguration;
			buildSettings = {
				ASSETCATALOG_COMPILER_APPICON_NAME = AppIcon;
				ASSETCATALOG_COMPILER_LAUNCHIMAGE_NAME = LaunchImage;
				FRAMEWORK_SEARCH_PATHS = (
					"$(inherited)",
					"$(PROJECT_DIR)",
				);
				GCC_PRECOMPILE_PREFIX_HEADER = YES;
				GCC_PREFIX_HEADER = "MetaWearColorPicker/MetaWearColorPicker-Prefix.pch";
				INFOPLIST_FILE = "MetaWearColorPicker/MetaWearColorPicker-Info.plist";
				PRODUCT_NAME = "$(TARGET_NAME)";
				WRAPPER_EXTENSION = app;
			};
			name = Debug;
		};
		9797845319B36E67008F9AB5 /* Release */ = {
			isa = XCBuildConfiguration;
			buildSettings = {
				ASSETCATALOG_COMPILER_APPICON_NAME = AppIcon;
				ASSETCATALOG_COMPILER_LAUNCHIMAGE_NAME = LaunchImage;
				FRAMEWORK_SEARCH_PATHS = (
					"$(inherited)",
					"$(PROJECT_DIR)",
				);
				GCC_PRECOMPILE_PREFIX_HEADER = YES;
				GCC_PREFIX_HEADER = "MetaWearColorPicker/MetaWearColorPicker-Prefix.pch";
				INFOPLIST_FILE = "MetaWearColorPicker/MetaWearColorPicker-Info.plist";
				PRODUCT_NAME = "$(TARGET_NAME)";
				WRAPPER_EXTENSION = app;
			};
			name = Release;
		};
		9797845519B36E67008F9AB5 /* Debug */ = {
			isa = XCBuildConfiguration;
			buildSettings = {
				BUNDLE_LOADER = "$(BUILT_PRODUCTS_DIR)/MetaWearColorPicker.app/MetaWearColorPicker";
				FRAMEWORK_SEARCH_PATHS = (
					"$(SDKROOT)/Developer/Library/Frameworks",
					"$(inherited)",
					"$(DEVELOPER_FRAMEWORKS_DIR)",
				);
				GCC_PRECOMPILE_PREFIX_HEADER = YES;
				GCC_PREFIX_HEADER = "MetaWearColorPicker/MetaWearColorPicker-Prefix.pch";
				GCC_PREPROCESSOR_DEFINITIONS = (
					"DEBUG=1",
					"$(inherited)",
				);
				INFOPLIST_FILE = "MetaWearColorPickerTests/MetaWearColorPickerTests-Info.plist";
				PRODUCT_NAME = "$(TARGET_NAME)";
				TEST_HOST = "$(BUNDLE_LOADER)";
				WRAPPER_EXTENSION = xctest;
			};
			name = Debug;
		};
		9797845619B36E67008F9AB5 /* Release */ = {
			isa = XCBuildConfiguration;
			buildSettings = {
				BUNDLE_LOADER = "$(BUILT_PRODUCTS_DIR)/MetaWearColorPicker.app/MetaWearColorPicker";
				FRAMEWORK_SEARCH_PATHS = (
					"$(SDKROOT)/Developer/Library/Frameworks",
					"$(inherited)",
					"$(DEVELOPER_FRAMEWORKS_DIR)",
				);
				GCC_PRECOMPILE_PREFIX_HEADER = YES;
				GCC_PREFIX_HEADER = "MetaWearColorPicker/MetaWearColorPicker-Prefix.pch";
				INFOPLIST_FILE = "MetaWearColorPickerTests/MetaWearColorPickerTests-Info.plist";
				PRODUCT_NAME = "$(TARGET_NAME)";
				TEST_HOST = "$(BUNDLE_LOADER)";
				WRAPPER_EXTENSION = xctest;
			};
			name = Release;
		};
/* End XCBuildConfiguration section */

/* Begin XCConfigurationList section */
		9797841A19B36E67008F9AB5 /* Build configuration list for PBXProject "MetaWearColorPicker" */ = {
			isa = XCConfigurationList;
			buildConfigurations = (
				9797844F19B36E67008F9AB5 /* Debug */,
				9797845019B36E67008F9AB5 /* Release */,
			);
			defaultConfigurationIsVisible = 0;
			defaultConfigurationName = Release;
		};
		9797845119B36E67008F9AB5 /* Build configuration list for PBXNativeTarget "MetaWearColorPicker" */ = {
			isa = XCConfigurationList;
			buildConfigurations = (
				9797845219B36E67008F9AB5 /* Debug */,
				9797845319B36E67008F9AB5 /* Release */,
			);
			defaultConfigurationIsVisible = 0;
		};
		9797845419B36E67008F9AB5 /* Build configuration list for PBXNativeTarget "MetaWearColorPickerTests" */ = {
			isa = XCConfigurationList;
			buildConfigurations = (
				9797845519B36E67008F9AB5 /* Debug */,
				9797845619B36E67008F9AB5 /* Release */,
			);
			defaultConfigurationIsVisible = 0;
		};
/* End XCConfigurationList section */
	};
	rootObject = 9797841719B36E67008F9AB5 /* Project object */;
}
